
Microsoft Visual Studio Solution File, Format Version 12.00
# Visual Studio 15
VisualStudioVersion = 15.0.28307.779
MinimumVisualStudioVersion = 10.0.40219.1
Project("{8BC9CEB8-8B4A-11D0-8D11-00A0C91BC942}") = "cppTask", "cppTask\cppTask.vcxproj", "{4A614DAF-5AD8-4105-9C02-1BB12F21B7FB}"
EndProject
Global
	GlobalSection(SolutionConfigurationPlatforms) = preSolution
		Debug|x64 = Debug|x64
		Debug|x86 = Debug|x86
		Release|x64 = Release|x64
		Release|x86 = Release|x86
	EndGlobalSection
	GlobalSection(ProjectConfigurationPlatforms) = postSolution
		{4A614DAF-5AD8-4105-9C02-1BB12F21B7FB}.Debug|x64.ActiveCfg = Debug|x64
		{4A614DAF-5AD8-4105-9C02-1BB12F21B7FB}.Debug|x64.Build.0 = Debug|x64
		{4A614DAF-5AD8-4105-9C02-1BB12F21B7FB}.Debug|x86.ActiveCfg = Debug|Win32
		{4A614DAF-5AD8-4105-9C02-1BB12F21B7FB}.Debug|x86.Build.0 = Debug|Win32
		{4A614DAF-5AD8-4105-9C02-1BB12F21B7FB}.Release|x64.ActiveCfg = Release|x64
		{4A614DAF-5AD8-4105-9C02-1BB12F21B7FB}.Release|x64.Build.0 = Release|x64
		{4A614DAF-5AD8-4105-9C02-1BB12F21B7FB}.Release|x86.ActiveCfg = Release|Win32
		{4A614DAF-5AD8-4105-9C02-1BB12F21B7FB}.Release|x86.Build.0 = Release|Win32
	EndGlobalSection
	GlobalSection(SolutionProperties) = preSolution
		HideSolutionNode = FALSE
	EndGlobalSection
	GlobalSection(ExtensibilityGlobals) = postSolution
		SolutionGuid = {FE001E6F-25AF-4178-B609-0BA1D8AFB4B8}
	EndGlobalSection
EndGlobal
